
Microsoft Visual Studio Solution File, Format Version 12.00
# Visual Studio 15
VisualStudioVersion = 15.0.28307.572
MinimumVisualStudioVersion = 10.0.40219.1
Project("{FAE04EC0-301F-11D3-BF4B-00C04F79EFBC}") = "SinekliBakkal.Entity", "SinekliBakkal.Entity\SinekliBakkal.Entity.csproj", "{BD4FCFFB-A428-4BA3-A046-29DF65D106F3}"
EndProject
Project("{FAE04EC0-301F-11D3-BF4B-00C04F79EFBC}") = "SinekliBakkal.DAL", "SinekliBakkal.DAL\SinekliBakkal.DAL.csproj", "{4422D9F0-4C05-4706-B6CA-037FBD008F48}"
EndProject
Project("{FAE04EC0-301F-11D3-BF4B-00C04F79EFBC}") = "SinekliBakkal.BLL", "SinekliBakkal.BLL\SinekliBakkal.BLL.csproj", "{E4F9D0C9-1471-49E5-807B-3E60B68570DE}"
EndProject
Project("{FAE04EC0-301F-11D3-BF4B-00C04F79EFBC}") = "SinekliBakkal.WebUI", "SinekliBakkal.WebUI\SinekliBakkal.WebUI.csproj", "{A7621C50-F5D8-4C79-A64B-CD0BA74EA321}"
EndProject
Global
	GlobalSection(SolutionConfigurationPlatforms) = preSolution
		Debug|Any CPU = Debug|Any CPU
		Release|Any CPU = Release|Any CPU
	EndGlobalSection
	GlobalSection(ProjectConfigurationPlatforms) = postSolution
		{BD4FCFFB-A428-4BA3-A046-29DF65D106F3}.Debug|Any CPU.ActiveCfg = Debug|Any CPU
		{BD4FCFFB-A428-4BA3-A046-29DF65D106F3}.Debug|Any CPU.Build.0 = Debug|Any CPU
		{BD4FCFFB-A428-4BA3-A046-29DF65D106F3}.Release|Any CPU.ActiveCfg = Release|Any CPU
		{BD4FCFFB-A428-4BA3-A046-29DF65D106F3}.Release|Any CPU.Build.0 = Release|Any CPU
		{4422D9F0-4C05-4706-B6CA-037FBD008F48}.Debug|Any CPU.ActiveCfg = Debug|Any CPU
		{4422D9F0-4C05-4706-B6CA-037FBD008F48}.Debug|Any CPU.Build.0 = Debug|Any CPU
		{4422D9F0-4C05-4706-B6CA-037FBD008F48}.Release|Any CPU.ActiveCfg = Release|Any CPU
		{4422D9F0-4C05-4706-B6CA-037FBD008F48}.Release|Any CPU.Build.0 = Release|Any CPU
		{E4F9D0C9-1471-49E5-807B-3E60B68570DE}.Debug|Any CPU.ActiveCfg = Debug|Any CPU
		{E4F9D0C9-1471-49E5-807B-3E60B68570DE}.Debug|Any CPU.Build.0 = Debug|Any CPU
		{E4F9D0C9-1471-49E5-807B-3E60B68570DE}.Release|Any CPU.ActiveCfg = Release|Any CPU
		{E4F9D0C9-1471-49E5-807B-3E60B68570DE}.Release|Any CPU.Build.0 = Release|Any CPU
		{A7621C50-F5D8-4C79-A64B-CD0BA74EA321}.Debug|Any CPU.ActiveCfg = Debug|Any CPU
		{A7621C50-F5D8-4C79-A64B-CD0BA74EA321}.Debug|Any CPU.Build.0 = Debug|Any CPU
		{A7621C50-F5D8-4C79-A64B-CD0BA74EA321}.Release|Any CPU.ActiveCfg = Release|Any CPU
		{A7621C50-F5D8-4C79-A64B-CD0BA74EA321}.Release|Any CPU.Build.0 = Release|Any CPU
	EndGlobalSection
	GlobalSection(SolutionProperties) = preSolution
		HideSolutionNode = FALSE
	EndGlobalSection
	GlobalSection(ExtensibilityGlobals) = postSolution
		SolutionGuid = {1E377C2B-191D-45AA-8040-E39DBABEDC7B}
	EndGlobalSection
EndGlobal
